
Microsoft Visual Studio Solution File, Format Version 12.00
Project("{FAE04EC0-301F-11D3-BF4B-00C04F79EFBC}") = "UI.CLI", "UI.CLI\UI.CLI.csproj", "{94917CC4-F167-4A6D-8FD3-C1838C040B8A}"
EndProject
Project("{FAE04EC0-301F-11D3-BF4B-00C04F79EFBC}") = "Domain", "Domain\Domain.csproj", "{520390D4-AB12-4210-A80F-FD3B89BB5DAA}"
EndProject
Project("{FAE04EC0-301F-11D3-BF4B-00C04F79EFBC}") = "BL", "BL\BL.csproj", "{906AE021-A718-46B2-8C80-7E33E23D5B83}"
EndProject
Project("{FAE04EC0-301F-11D3-BF4B-00C04F79EFBC}") = "BL.Test", "BL.Test\BL.Test.csproj", "{81A11583-D91B-4395-91AF-3FB39393A81D}"
EndProject
Global
	GlobalSection(SolutionConfigurationPlatforms) = preSolution
		Debug|Any CPU = Debug|Any CPU
		Release|Any CPU = Release|Any CPU
	EndGlobalSection
	GlobalSection(ProjectConfigurationPlatforms) = postSolution
		{94917CC4-F167-4A6D-8FD3-C1838C040B8A}.Debug|Any CPU.ActiveCfg = Debug|Any CPU
		{94917CC4-F167-4A6D-8FD3-C1838C040B8A}.Debug|Any CPU.Build.0 = Debug|Any CPU
		{94917CC4-F167-4A6D-8FD3-C1838C040B8A}.Release|Any CPU.ActiveCfg = Release|Any CPU
		{94917CC4-F167-4A6D-8FD3-C1838C040B8A}.Release|Any CPU.Build.0 = Release|Any CPU
		{520390D4-AB12-4210-A80F-FD3B89BB5DAA}.Debug|Any CPU.ActiveCfg = Debug|Any CPU
		{520390D4-AB12-4210-A80F-FD3B89BB5DAA}.Debug|Any CPU.Build.0 = Debug|Any CPU
		{520390D4-AB12-4210-A80F-FD3B89BB5DAA}.Release|Any CPU.ActiveCfg = Release|Any CPU
		{520390D4-AB12-4210-A80F-FD3B89BB5DAA}.Release|Any CPU.Build.0 = Release|Any CPU
		{906AE021-A718-46B2-8C80-7E33E23D5B83}.Debug|Any CPU.ActiveCfg = Debug|Any CPU
		{906AE021-A718-46B2-8C80-7E33E23D5B83}.Debug|Any CPU.Build.0 = Debug|Any CPU
		{906AE021-A718-46B2-8C80-7E33E23D5B83}.Release|Any CPU.ActiveCfg = Release|Any CPU
		{906AE021-A718-46B2-8C80-7E33E23D5B83}.Release|Any CPU.Build.0 = Release|Any CPU
		{81A11583-D91B-4395-91AF-3FB39393A81D}.Debug|Any CPU.ActiveCfg = Debug|Any CPU
		{81A11583-D91B-4395-91AF-3FB39393A81D}.Debug|Any CPU.Build.0 = Debug|Any CPU
		{81A11583-D91B-4395-91AF-3FB39393A81D}.Release|Any CPU.ActiveCfg = Release|Any CPU
		{81A11583-D91B-4395-91AF-3FB39393A81D}.Release|Any CPU.Build.0 = Release|Any CPU
	EndGlobalSection
EndGlobal
